
Microsoft Visual Studio Solution File, Format Version 12.00
# Visual Studio 14
VisualStudioVersion = 14.0.25420.1
MinimumVisualStudioVersion = 10.0.40219.1
Project("{FAE04EC0-301F-11D3-BF4B-00C04F79EFBC}") = "ServerKit.UI", "ServerKit.UI\ServerKit.UI.csproj", "{972E45BE-6547-415E-AC30-F46AD5CA0A4E}"
EndProject
Project("{FAE04EC0-301F-11D3-BF4B-00C04F79EFBC}") = "Test", "Test\Test.csproj", "{A350534C-8188-4076-97B1-F525254B7285}"
EndProject
Global
	GlobalSection(SolutionConfigurationPlatforms) = preSolution
		Debug|Any CPU = Debug|Any CPU
		Release|Any CPU = Release|Any CPU
	EndGlobalSection
	GlobalSection(ProjectConfigurationPlatforms) = postSolution
		{972E45BE-6547-415E-AC30-F46AD5CA0A4E}.Debug|Any CPU.ActiveCfg = Debug|Any CPU
		{972E45BE-6547-415E-AC30-F46AD5CA0A4E}.Debug|Any CPU.Build.0 = Debug|Any CPU
		{972E45BE-6547-415E-AC30-F46AD5CA0A4E}.Release|Any CPU.ActiveCfg = Release|Any CPU
		{972E45BE-6547-415E-AC30-F46AD5CA0A4E}.Release|Any CPU.Build.0 = Release|Any CPU
		{A350534C-8188-4076-97B1-F525254B7285}.Debug|Any CPU.ActiveCfg = Debug|Any CPU
		{A350534C-8188-4076-97B1-F525254B7285}.Debug|Any CPU.Build.0 = Debug|Any CPU
		{A350534C-8188-4076-97B1-F525254B7285}.Release|Any CPU.ActiveCfg = Release|Any CPU
		{A350534C-8188-4076-97B1-F525254B7285}.Release|Any CPU.Build.0 = Release|Any CPU
	EndGlobalSection
	GlobalSection(SolutionProperties) = preSolution
		HideSolutionNode = FALSE
	EndGlobalSection
EndGlobal
